<?xml version="1.0" encoding="utf-8"?>
<Project ToolsVersion="17.0" xmlns="http://schemas.microsoft.com/developer/msbuild/2003">
  <ItemGroup>
    <CustomBuild Include="C:\Users\thoba\source\repos\CocosGame\Mygame\proj.win32\CMakeFiles\11df61dd31c82083f0dbbe06d1e39e5d\generate.stamp.rule">
      <Filter>CMake Rules</Filter>
    </CustomBuild>
  </ItemGroup>
  <ItemGroup>
    <Filter Include="CMake Rules">
      <UniqueIdentifier>{0DF881E7-BFEB-312D-8CF8-1F733F59CB7C}</UniqueIdentifier>
    </Filter>
  </ItemGroup>
</Project>
