
Microsoft Visual Studio Solution File, Format Version 12.00
# Visual Studio Version 17
Project("{2150E333-8FDC-42A3-9474-1A3956D46DE8}") = "CMakePredefinedTargets", "CMakePredefinedTargets", "{331EF198-79F6-3BFC-BE5D-C478358D86CE}"
EndProject
Project("{2150E333-8FDC-42A3-9474-1A3956D46DE8}") = "External", "External", "{C4750AB8-6A43-3E28-A510-1D1086C8CF82}"
EndProject
Project("{2150E333-8FDC-42A3-9474-1A3956D46DE8}") = "Internal", "Internal", "{4382F6D1-8BA7-34D3-B8E7-FB5764C28716}"
EndProject
Project("{8BC9CEB8-8B4A-11D0-8D11-00A0C91BC942}") = "ALL_BUILD", "ALL_BUILD.vcxproj", "{7642FB54-73EE-39EB-9D2E-B4C3DE55AFB5}"
	ProjectSection(ProjectDependencies) = postProject
		{74BC2DBC-E3CE-3268-A7E6-2E857ACCD383} = {74BC2DBC-E3CE-3268-A7E6-2E857ACCD383}
		{C15A240B-0115-337B-8461-BE8B08D9308C} = {C15A240B-0115-337B-8461-BE8B08D9308C}
		{A9129E20-24CF-3BA9-8654-7A70808A699A} = {A9129E20-24CF-3BA9-8654-7A70808A699A}
		{3F21BAC4-B146-3408-A3E1-9D447AE52F84} = {3F21BAC4-B146-3408-A3E1-9D447AE52F84}
		{E83DACE5-3540-3836-8F53-91CEBDED8624} = {E83DACE5-3540-3836-8F53-91CEBDED8624}
		{1992A22B-0D67-3B1B-B584-CA503622B3CD} = {1992A22B-0D67-3B1B-B584-CA503622B3CD}
		{7F402CC4-A607-3A52-A1E6-EC76F7FE6D00} = {7F402CC4-A607-3A52-A1E6-EC76F7FE6D00}
		{51BD567F-A5D8-39B7-9843-E54522DF33FE} = {51BD567F-A5D8-39B7-9843-E54522DF33FE}
		{D7DCEE43-D49C-3CE8-9C68-E78B1C49F9E2} = {D7DCEE43-D49C-3CE8-9C68-E78B1C49F9E2}
		{025ACEAF-4791-3CDE-B372-8B642B5203AD} = {025ACEAF-4791-3CDE-B372-8B642B5203AD}
		{FE0F4053-E910-3BDA-93DA-61DCB9579DDC} = {FE0F4053-E910-3BDA-93DA-61DCB9579DDC}
		{658F70D3-BFDB-3C6E-8DBA-318B15308BBD} = {658F70D3-BFDB-3C6E-8DBA-318B15308BBD}
		{0D42D1E9-04D9-3DBC-86CB-4D7DF835D0C2} = {0D42D1E9-04D9-3DBC-86CB-4D7DF835D0C2}
	EndProjectSection
EndProject
Project("{8BC9CEB8-8B4A-11D0-8D11-00A0C91BC942}") = "ZERO_CHECK", "..\..\..\\ZERO_CHECK.vcxproj", "{74BC2DBC-E3CE-3268-A7E6-2E857ACCD383}"
	ProjectSection(ProjectDependencies) = postProject
	EndProjectSection
EndProject
Project("{8BC9CEB8-8B4A-11D0-8D11-00A0C91BC942}") = "cocos2d", "cocos2d.vcxproj", "{C15A240B-0115-337B-8461-BE8B08D9308C}"
	ProjectSection(ProjectDependencies) = postProject
		{74BC2DBC-E3CE-3268-A7E6-2E857ACCD383} = {74BC2DBC-E3CE-3268-A7E6-2E857ACCD383}
		{A9129E20-24CF-3BA9-8654-7A70808A699A} = {A9129E20-24CF-3BA9-8654-7A70808A699A}
		{3F21BAC4-B146-3408-A3E1-9D447AE52F84} = {3F21BAC4-B146-3408-A3E1-9D447AE52F84}
		{E83DACE5-3540-3836-8F53-91CEBDED8624} = {E83DACE5-3540-3836-8F53-91CEBDED8624}
		{1992A22B-0D67-3B1B-B584-CA503622B3CD} = {1992A22B-0D67-3B1B-B584-CA503622B3CD}
		{7F402CC4-A607-3A52-A1E6-EC76F7FE6D00} = {7F402CC4-A607-3A52-A1E6-EC76F7FE6D00}
		{51BD567F-A5D8-39B7-9843-E54522DF33FE} = {51BD567F-A5D8-39B7-9843-E54522DF33FE}
		{D7DCEE43-D49C-3CE8-9C68-E78B1C49F9E2} = {D7DCEE43-D49C-3CE8-9C68-E78B1C49F9E2}
		{025ACEAF-4791-3CDE-B372-8B642B5203AD} = {025ACEAF-4791-3CDE-B372-8B642B5203AD}
		{FE0F4053-E910-3BDA-93DA-61DCB9579DDC} = {FE0F4053-E910-3BDA-93DA-61DCB9579DDC}
		{658F70D3-BFDB-3C6E-8DBA-318B15308BBD} = {658F70D3-BFDB-3C6E-8DBA-318B15308BBD}
		{0D42D1E9-04D9-3DBC-86CB-4D7DF835D0C2} = {0D42D1E9-04D9-3DBC-86CB-4D7DF835D0C2}
	EndProjectSection
EndProject
Project("{8BC9CEB8-8B4A-11D0-8D11-00A0C91BC942}") = "ext_clipper", "..\..\external\clipper\ext_clipper.vcxproj", "{A9129E20-24CF-3BA9-8654-7A70808A699A}"
	ProjectSection(ProjectDependencies) = postProject
		{74BC2DBC-E3CE-3268-A7E6-2E857ACCD383} = {74BC2DBC-E3CE-3268-A7E6-2E857ACCD383}
	EndProjectSection
EndProject
Project("{8BC9CEB8-8B4A-11D0-8D11-00A0C91BC942}") = "ext_convertUTF", "..\..\external\ConvertUTF\ext_convertUTF.vcxproj", "{3F21BAC4-B146-3408-A3E1-9D447AE52F84}"
	ProjectSection(ProjectDependencies) = postProject
		{74BC2DBC-E3CE-3268-A7E6-2E857ACCD383} = {74BC2DBC-E3CE-3268-A7E6-2E857ACCD383}
	EndProjectSection
EndProject
Project("{8BC9CEB8-8B4A-11D0-8D11-00A0C91BC942}") = "ext_edtaa3func", "..\..\external\edtaa3func\ext_edtaa3func.vcxproj", "{E83DACE5-3540-3836-8F53-91CEBDED8624}"
	ProjectSection(ProjectDependencies) = postProject
		{74BC2DBC-E3CE-3268-A7E6-2E857ACCD383} = {74BC2DBC-E3CE-3268-A7E6-2E857ACCD383}
	EndProjectSection
EndProject
Project("{8BC9CEB8-8B4A-11D0-8D11-00A0C91BC942}") = "ext_md5", "..\..\external\md5\ext_md5.vcxproj", "{1992A22B-0D67-3B1B-B584-CA503622B3CD}"
	ProjectSection(ProjectDependencies) = postProject
		{74BC2DBC-E3CE-3268-A7E6-2E857ACCD383} = {74BC2DBC-E3CE-3268-A7E6-2E857ACCD383}
	EndProjectSection
EndProject
Project("{8BC9CEB8-8B4A-11D0-8D11-00A0C91BC942}") = "ext_poly2tri", "..\..\external\poly2tri\ext_poly2tri.vcxproj", "{7F402CC4-A607-3A52-A1E6-EC76F7FE6D00}"
	ProjectSection(ProjectDependencies) = postProject
		{74BC2DBC-E3CE-3268-A7E6-2E857ACCD383} = {74BC2DBC-E3CE-3268-A7E6-2E857ACCD383}
	EndProjectSection
EndProject
Project("{8BC9CEB8-8B4A-11D0-8D11-00A0C91BC942}") = "ext_recast", "..\..\external\recast\ext_recast.vcxproj", "{51BD567F-A5D8-39B7-9843-E54522DF33FE}"
	ProjectSection(ProjectDependencies) = postProject
		{74BC2DBC-E3CE-3268-A7E6-2E857ACCD383} = {74BC2DBC-E3CE-3268-A7E6-2E857ACCD383}
	EndProjectSection
EndProject
Project("{8BC9CEB8-8B4A-11D0-8D11-00A0C91BC942}") = "ext_tinyxml2", "..\..\external\tinyxml2\ext_tinyxml2.vcxproj", "{D7DCEE43-D49C-3CE8-9C68-E78B1C49F9E2}"
	ProjectSection(ProjectDependencies) = postProject
		{74BC2DBC-E3CE-3268-A7E6-2E857ACCD383} = {74BC2DBC-E3CE-3268-A7E6-2E857ACCD383}
	EndProjectSection
EndProject
Project("{8BC9CEB8-8B4A-11D0-8D11-00A0C91BC942}") = "ext_unzip", "..\..\external\unzip\ext_unzip.vcxproj", "{025ACEAF-4791-3CDE-B372-8B642B5203AD}"
	ProjectSection(ProjectDependencies) = postProject
		{74BC2DBC-E3CE-3268-A7E6-2E857ACCD383} = {74BC2DBC-E3CE-3268-A7E6-2E857ACCD383}
	EndProjectSection
EndProject
Project("{8BC9CEB8-8B4A-11D0-8D11-00A0C91BC942}") = "ext_xxhash", "..\..\external\xxhash\ext_xxhash.vcxproj", "{FE0F4053-E910-3BDA-93DA-61DCB9579DDC}"
	ProjectSection(ProjectDependencies) = postProject
		{74BC2DBC-E3CE-3268-A7E6-2E857ACCD383} = {74BC2DBC-E3CE-3268-A7E6-2E857ACCD383}
	EndProjectSection
EndProject
Project("{8BC9CEB8-8B4A-11D0-8D11-00A0C91BC942}") = "ext_xxtea", "..\..\external\xxtea\ext_xxtea.vcxproj", "{658F70D3-BFDB-3C6E-8DBA-318B15308BBD}"
	ProjectSection(ProjectDependencies) = postProject
		{74BC2DBC-E3CE-3268-A7E6-2E857ACCD383} = {74BC2DBC-E3CE-3268-A7E6-2E857ACCD383}
	EndProjectSection
EndProject
Project("{8BC9CEB8-8B4A-11D0-8D11-00A0C91BC942}") = "external", "..\..\external\external.vcxproj", "{0D42D1E9-04D9-3DBC-86CB-4D7DF835D0C2}"
	ProjectSection(ProjectDependencies) = postProject
		{74BC2DBC-E3CE-3268-A7E6-2E857ACCD383} = {74BC2DBC-E3CE-3268-A7E6-2E857ACCD383}
		{A9129E20-24CF-3BA9-8654-7A70808A699A} = {A9129E20-24CF-3BA9-8654-7A70808A699A}
		{3F21BAC4-B146-3408-A3E1-9D447AE52F84} = {3F21BAC4-B146-3408-A3E1-9D447AE52F84}
		{E83DACE5-3540-3836-8F53-91CEBDED8624} = {E83DACE5-3540-3836-8F53-91CEBDED8624}
		{1992A22B-0D67-3B1B-B584-CA503622B3CD} = {1992A22B-0D67-3B1B-B584-CA503622B3CD}
		{7F402CC4-A607-3A52-A1E6-EC76F7FE6D00} = {7F402CC4-A607-3A52-A1E6-EC76F7FE6D00}
		{51BD567F-A5D8-39B7-9843-E54522DF33FE} = {51BD567F-A5D8-39B7-9843-E54522DF33FE}
		{D7DCEE43-D49C-3CE8-9C68-E78B1C49F9E2} = {D7DCEE43-D49C-3CE8-9C68-E78B1C49F9E2}
		{025ACEAF-4791-3CDE-B372-8B642B5203AD} = {025ACEAF-4791-3CDE-B372-8B642B5203AD}
		{FE0F4053-E910-3BDA-93DA-61DCB9579DDC} = {FE0F4053-E910-3BDA-93DA-61DCB9579DDC}
		{658F70D3-BFDB-3C6E-8DBA-318B15308BBD} = {658F70D3-BFDB-3C6E-8DBA-318B15308BBD}
	EndProjectSection
EndProject
Global
	GlobalSection(SolutionConfigurationPlatforms) = preSolution
		Debug|Win32 = Debug|Win32
		Release|Win32 = Release|Win32
		MinSizeRel|Win32 = MinSizeRel|Win32
		RelWithDebInfo|Win32 = RelWithDebInfo|Win32
	EndGlobalSection
	GlobalSection(ProjectConfigurationPlatforms) = postSolution
		{7642FB54-73EE-39EB-9D2E-B4C3DE55AFB5}.Debug|Win32.ActiveCfg = Debug|Win32
		{7642FB54-73EE-39EB-9D2E-B4C3DE55AFB5}.Release|Win32.ActiveCfg = Release|Win32
		{7642FB54-73EE-39EB-9D2E-B4C3DE55AFB5}.MinSizeRel|Win32.ActiveCfg = MinSizeRel|Win32
		{7642FB54-73EE-39EB-9D2E-B4C3DE55AFB5}.RelWithDebInfo|Win32.ActiveCfg = RelWithDebInfo|Win32
		{74BC2DBC-E3CE-3268-A7E6-2E857ACCD383}.Debug|Win32.ActiveCfg = Debug|Win32
		{74BC2DBC-E3CE-3268-A7E6-2E857ACCD383}.Debug|Win32.Build.0 = Debug|Win32
		{74BC2DBC-E3CE-3268-A7E6-2E857ACCD383}.Release|Win32.ActiveCfg = Release|Win32
		{74BC2DBC-E3CE-3268-A7E6-2E857ACCD383}.Release|Win32.Build.0 = Release|Win32
		{74BC2DBC-E3CE-3268-A7E6-2E857ACCD383}.MinSizeRel|Win32.ActiveCfg = MinSizeRel|Win32
		{74BC2DBC-E3CE-3268-A7E6-2E857ACCD383}.MinSizeRel|Win32.Build.0 = MinSizeRel|Win32
		{74BC2DBC-E3CE-3268-A7E6-2E857ACCD383}.RelWithDebInfo|Win32.ActiveCfg = RelWithDebInfo|Win32
		{74BC2DBC-E3CE-3268-A7E6-2E857ACCD383}.RelWithDebInfo|Win32.Build.0 = RelWithDebInfo|Win32
		{C15A240B-0115-337B-8461-BE8B08D9308C}.Debug|Win32.ActiveCfg = Debug|Win32
		{C15A240B-0115-337B-8461-BE8B08D9308C}.Debug|Win32.Build.0 = Debug|Win32
		{C15A240B-0115-337B-8461-BE8B08D9308C}.Release|Win32.ActiveCfg = Release|Win32
		{C15A240B-0115-337B-8461-BE8B08D9308C}.Release|Win32.Build.0 = Release|Win32
		{C15A240B-0115-337B-8461-BE8B08D9308C}.MinSizeRel|Win32.ActiveCfg = MinSizeRel|Win32
		{C15A240B-0115-337B-8461-BE8B08D9308C}.MinSizeRel|Win32.Build.0 = MinSizeRel|Win32
		{C15A240B-0115-337B-8461-BE8B08D9308C}.RelWithDebInfo|Win32.ActiveCfg = RelWithDebInfo|Win32
		{C15A240B-0115-337B-8461-BE8B08D9308C}.RelWithDebInfo|Win32.Build.0 = RelWithDebInfo|Win32
		{A9129E20-24CF-3BA9-8654-7A70808A699A}.Debug|Win32.ActiveCfg = Debug|Win32
		{A9129E20-24CF-3BA9-8654-7A70808A699A}.Debug|Win32.Build.0 = Debug|Win32
		{A9129E20-24CF-3BA9-8654-7A70808A699A}.Release|Win32.ActiveCfg = Release|Win32
		{A9129E20-24CF-3BA9-8654-7A70808A699A}.Release|Win32.Build.0 = Release|Win32
		{A9129E20-24CF-3BA9-8654-7A70808A699A}.MinSizeRel|Win32.ActiveCfg = MinSizeRel|Win32
		{A9129E20-24CF-3BA9-8654-7A70808A699A}.MinSizeRel|Win32.Build.0 = MinSizeRel|Win32
		{A9129E20-24CF-3BA9-8654-7A70808A699A}.RelWithDebInfo|Win32.ActiveCfg = RelWithDebInfo|Win32
		{A9129E20-24CF-3BA9-8654-7A70808A699A}.RelWithDebInfo|Win32.Build.0 = RelWithDebInfo|Win32
		{3F21BAC4-B146-3408-A3E1-9D447AE52F84}.Debug|Win32.ActiveCfg = Debug|Win32
		{3F21BAC4-B146-3408-A3E1-9D447AE52F84}.Debug|Win32.Build.0 = Debug|Win32
		{3F21BAC4-B146-3408-A3E1-9D447AE52F84}.Release|Win32.ActiveCfg = Release|Win32
		{3F21BAC4-B146-3408-A3E1-9D447AE52F84}.Release|Win32.Build.0 = Release|Win32
		{3F21BAC4-B146-3408-A3E1-9D447AE52F84}.MinSizeRel|Win32.ActiveCfg = MinSizeRel|Win32
		{3F21BAC4-B146-3408-A3E1-9D447AE52F84}.MinSizeRel|Win32.Build.0 = MinSizeRel|Win32
		{3F21BAC4-B146-3408-A3E1-9D447AE52F84}.RelWithDebInfo|Win32.ActiveCfg = RelWithDebInfo|Win32
		{3F21BAC4-B146-3408-A3E1-9D447AE52F84}.RelWithDebInfo|Win32.Build.0 = RelWithDebInfo|Win32
		{E83DACE5-3540-3836-8F53-91CEBDED8624}.Debug|Win32.ActiveCfg = Debug|Win32
		{E83DACE5-3540-3836-8F53-91CEBDED8624}.Debug|Win32.Build.0 = Debug|Win32
		{E83DACE5-3540-3836-8F53-91CEBDED8624}.Release|Win32.ActiveCfg = Release|Win32
		{E83DACE5-3540-3836-8F53-91CEBDED8624}.Release|Win32.Build.0 = Release|Win32
		{E83DACE5-3540-3836-8F53-91CEBDED8624}.MinSizeRel|Win32.ActiveCfg = MinSizeRel|Win32
		{E83DACE5-3540-3836-8F53-91CEBDED8624}.MinSizeRel|Win32.Build.0 = MinSizeRel|Win32
		{E83DACE5-3540-3836-8F53-91CEBDED8624}.RelWithDebInfo|Win32.ActiveCfg = RelWithDebInfo|Win32
		{E83DACE5-3540-3836-8F53-91CEBDED8624}.RelWithDebInfo|Win32.Build.0 = RelWithDebInfo|Win32
		{1992A22B-0D67-3B1B-B584-CA503622B3CD}.Debug|Win32.ActiveCfg = Debug|Win32
		{1992A22B-0D67-3B1B-B584-CA503622B3CD}.Debug|Win32.Build.0 = Debug|Win32
		{1992A22B-0D67-3B1B-B584-CA503622B3CD}.Release|Win32.ActiveCfg = Release|Win32
		{1992A22B-0D67-3B1B-B584-CA503622B3CD}.Release|Win32.Build.0 = Release|Win32
		{1992A22B-0D67-3B1B-B584-CA503622B3CD}.MinSizeRel|Win32.ActiveCfg = MinSizeRel|Win32
		{1992A22B-0D67-3B1B-B584-CA503622B3CD}.MinSizeRel|Win32.Build.0 = MinSizeRel|Win32
		{1992A22B-0D67-3B1B-B584-CA503622B3CD}.RelWithDebInfo|Win32.ActiveCfg = RelWithDebInfo|Win32
		{1992A22B-0D67-3B1B-B584-CA503622B3CD}.RelWithDebInfo|Win32.Build.0 = RelWithDebInfo|Win32
		{7F402CC4-A607-3A52-A1E6-EC76F7FE6D00}.Debug|Win32.ActiveCfg = Debug|Win32
		{7F402CC4-A607-3A52-A1E6-EC76F7FE6D00}.Debug|Win32.Build.0 = Debug|Win32
		{7F402CC4-A607-3A52-A1E6-EC76F7FE6D00}.Release|Win32.ActiveCfg = Release|Win32
		{7F402CC4-A607-3A52-A1E6-EC76F7FE6D00}.Release|Win32.Build.0 = Release|Win32
		{7F402CC4-A607-3A52-A1E6-EC76F7FE6D00}.MinSizeRel|Win32.ActiveCfg = MinSizeRel|Win32
		{7F402CC4-A607-3A52-A1E6-EC76F7FE6D00}.MinSizeRel|Win32.Build.0 = MinSizeRel|Win32
		{7F402CC4-A607-3A52-A1E6-EC76F7FE6D00}.RelWithDebInfo|Win32.ActiveCfg = RelWithDebInfo|Win32
		{7F402CC4-A607-3A52-A1E6-EC76F7FE6D00}.RelWithDebInfo|Win32.Build.0 = RelWithDebInfo|Win32
		{51BD567F-A5D8-39B7-9843-E54522DF33FE}.Debug|Win32.ActiveCfg = Debug|Win32
		{51BD567F-A5D8-39B7-9843-E54522DF33FE}.Debug|Win32.Build.0 = Debug|Win32
		{51BD567F-A5D8-39B7-9843-E54522DF33FE}.Release|Win32.ActiveCfg = Release|Win32
		{51BD567F-A5D8-39B7-9843-E54522DF33FE}.Release|Win32.Build.0 = Release|Win32
		{51BD567F-A5D8-39B7-9843-E54522DF33FE}.MinSizeRel|Win32.ActiveCfg = MinSizeRel|Win32
		{51BD567F-A5D8-39B7-9843-E54522DF33FE}.MinSizeRel|Win32.Build.0 = MinSizeRel|Win32
		{51BD567F-A5D8-39B7-9843-E54522DF33FE}.RelWithDebInfo|Win32.ActiveCfg = RelWithDebInfo|Win32
		{51BD567F-A5D8-39B7-9843-E54522DF33FE}.RelWithDebInfo|Win32.Build.0 = RelWithDebInfo|Win32
		{D7DCEE43-D49C-3CE8-9C68-E78B1C49F9E2}.Debug|Win32.ActiveCfg = Debug|Win32
		{D7DCEE43-D49C-3CE8-9C68-E78B1C49F9E2}.Debug|Win32.Build.0 = Debug|Win32
		{D7DCEE43-D49C-3CE8-9C68-E78B1C49F9E2}.Release|Win32.ActiveCfg = Release|Win32
		{D7DCEE43-D49C-3CE8-9C68-E78B1C49F9E2}.Release|Win32.Build.0 = Release|Win32
		{D7DCEE43-D49C-3CE8-9C68-E78B1C49F9E2}.MinSizeRel|Win32.ActiveCfg = MinSizeRel|Win32
		{D7DCEE43-D49C-3CE8-9C68-E78B1C49F9E2}.MinSizeRel|Win32.Build.0 = MinSizeRel|Win32
		{D7DCEE43-D49C-3CE8-9C68-E78B1C49F9E2}.RelWithDebInfo|Win32.ActiveCfg = RelWithDebInfo|Win32
		{D7DCEE43-D49C-3CE8-9C68-E78B1C49F9E2}.RelWithDebInfo|Win32.Build.0 = RelWithDebInfo|Win32
		{025ACEAF-4791-3CDE-B372-8B642B5203AD}.Debug|Win32.ActiveCfg = Debug|Win32
		{025ACEAF-4791-3CDE-B372-8B642B5203AD}.Debug|Win32.Build.0 = Debug|Win32
		{025ACEAF-4791-3CDE-B372-8B642B5203AD}.Release|Win32.ActiveCfg = Release|Win32
		{025ACEAF-4791-3CDE-B372-8B642B5203AD}.Release|Win32.Build.0 = Release|Win32
		{025ACEAF-4791-3CDE-B372-8B642B5203AD}.MinSizeRel|Win32.ActiveCfg = MinSizeRel|Win32
		{025ACEAF-4791-3CDE-B372-8B642B5203AD}.MinSizeRel|Win32.Build.0 = MinSizeRel|Win32
		{025ACEAF-4791-3CDE-B372-8B642B5203AD}.RelWithDebInfo|Win32.ActiveCfg = RelWithDebInfo|Win32
		{025ACEAF-4791-3CDE-B372-8B642B5203AD}.RelWithDebInfo|Win32.Build.0 = RelWithDebInfo|Win32
		{FE0F4053-E910-3BDA-93DA-61DCB9579DDC}.Debug|Win32.ActiveCfg = Debug|Win32
		{FE0F4053-E910-3BDA-93DA-61DCB9579DDC}.Debug|Win32.Build.0 = Debug|Win32
		{FE0F4053-E910-3BDA-93DA-61DCB9579DDC}.Release|Win32.ActiveCfg = Release|Win32
		{FE0F4053-E910-3BDA-93DA-61DCB9579DDC}.Release|Win32.Build.0 = Release|Win32
		{FE0F4053-E910-3BDA-93DA-61DCB9579DDC}.MinSizeRel|Win32.ActiveCfg = MinSizeRel|Win32
		{FE0F4053-E910-3BDA-93DA-61DCB9579DDC}.MinSizeRel|Win32.Build.0 = MinSizeRel|Win32
		{FE0F4053-E910-3BDA-93DA-61DCB9579DDC}.RelWithDebInfo|Win32.ActiveCfg = RelWithDebInfo|Win32
		{FE0F4053-E910-3BDA-93DA-61DCB9579DDC}.RelWithDebInfo|Win32.Build.0 = RelWithDebInfo|Win32
		{658F70D3-BFDB-3C6E-8DBA-318B15308BBD}.Debug|Win32.ActiveCfg = Debug|Win32
		{658F70D3-BFDB-3C6E-8DBA-318B15308BBD}.Debug|Win32.Build.0 = Debug|Win32
		{658F70D3-BFDB-3C6E-8DBA-318B15308BBD}.Release|Win32.ActiveCfg = Release|Win32
		{658F70D3-BFDB-3C6E-8DBA-318B15308BBD}.Release|Win32.Build.0 = Release|Win32
		{658F70D3-BFDB-3C6E-8DBA-318B15308BBD}.MinSizeRel|Win32.ActiveCfg = MinSizeRel|Win32
		{658F70D3-BFDB-3C6E-8DBA-318B15308BBD}.MinSizeRel|Win32.Build.0 = MinSizeRel|Win32
		{658F70D3-BFDB-3C6E-8DBA-318B15308BBD}.RelWithDebInfo|Win32.ActiveCfg = RelWithDebInfo|Win32
		{658F70D3-BFDB-3C6E-8DBA-318B15308BBD}.RelWithDebInfo|Win32.Build.0 = RelWithDebInfo|Win32
		{0D42D1E9-04D9-3DBC-86CB-4D7DF835D0C2}.Debug|Win32.ActiveCfg = Debug|Win32
		{0D42D1E9-04D9-3DBC-86CB-4D7DF835D0C2}.Debug|Win32.Build.0 = Debug|Win32
		{0D42D1E9-04D9-3DBC-86CB-4D7DF835D0C2}.Release|Win32.ActiveCfg = Release|Win32
		{0D42D1E9-04D9-3DBC-86CB-4D7DF835D0C2}.Release|Win32.Build.0 = Release|Win32
		{0D42D1E9-04D9-3DBC-86CB-4D7DF835D0C2}.MinSizeRel|Win32.ActiveCfg = MinSizeRel|Win32
		{0D42D1E9-04D9-3DBC-86CB-4D7DF835D0C2}.MinSizeRel|Win32.Build.0 = MinSizeRel|Win32
		{0D42D1E9-04D9-3DBC-86CB-4D7DF835D0C2}.RelWithDebInfo|Win32.ActiveCfg = RelWithDebInfo|Win32
		{0D42D1E9-04D9-3DBC-86CB-4D7DF835D0C2}.RelWithDebInfo|Win32.Build.0 = RelWithDebInfo|Win32
	EndGlobalSection
	GlobalSection(NestedProjects) = preSolution
		{7642FB54-73EE-39EB-9D2E-B4C3DE55AFB5} = {331EF198-79F6-3BFC-BE5D-C478358D86CE}
		{74BC2DBC-E3CE-3268-A7E6-2E857ACCD383} = {331EF198-79F6-3BFC-BE5D-C478358D86CE}
		{A9129E20-24CF-3BA9-8654-7A70808A699A} = {C4750AB8-6A43-3E28-A510-1D1086C8CF82}
		{3F21BAC4-B146-3408-A3E1-9D447AE52F84} = {C4750AB8-6A43-3E28-A510-1D1086C8CF82}
		{E83DACE5-3540-3836-8F53-91CEBDED8624} = {C4750AB8-6A43-3E28-A510-1D1086C8CF82}
		{1992A22B-0D67-3B1B-B584-CA503622B3CD} = {C4750AB8-6A43-3E28-A510-1D1086C8CF82}
		{7F402CC4-A607-3A52-A1E6-EC76F7FE6D00} = {C4750AB8-6A43-3E28-A510-1D1086C8CF82}
		{51BD567F-A5D8-39B7-9843-E54522DF33FE} = {C4750AB8-6A43-3E28-A510-1D1086C8CF82}
		{D7DCEE43-D49C-3CE8-9C68-E78B1C49F9E2} = {C4750AB8-6A43-3E28-A510-1D1086C8CF82}
		{025ACEAF-4791-3CDE-B372-8B642B5203AD} = {C4750AB8-6A43-3E28-A510-1D1086C8CF82}
		{FE0F4053-E910-3BDA-93DA-61DCB9579DDC} = {C4750AB8-6A43-3E28-A510-1D1086C8CF82}
		{658F70D3-BFDB-3C6E-8DBA-318B15308BBD} = {C4750AB8-6A43-3E28-A510-1D1086C8CF82}
		{0D42D1E9-04D9-3DBC-86CB-4D7DF835D0C2} = {C4750AB8-6A43-3E28-A510-1D1086C8CF82}
		{C15A240B-0115-337B-8461-BE8B08D9308C} = {4382F6D1-8BA7-34D3-B8E7-FB5764C28716}
	EndGlobalSection
	GlobalSection(ExtensibilityGlobals) = postSolution
		SolutionGuid = {68E9A695-35F7-399D-9C93-DEBCF0AE79AB}
	EndGlobalSection
	GlobalSection(ExtensibilityAddIns) = postSolution
	EndGlobalSection
EndGlobal
